{
  "version": 4,
  "terraform_version": "0.13.5",
  "serial": 6,
  "lineage": "64a734d8-cda8-b962-e95a-2524b1dd0234",
  "outputs": {
    "bucket": {
      "value": "spring-boot-react-example-state-bucket-eu-central-1",
      "type": "string"
    },
    "dynamodb_table": {
      "value": "spring-boot-react-example-state-table-eu-central-1",
      "type": "string"
    },
    "key": {
      "value": "remote-state",
      "type": "string"
    },
    "region": {
      "value": "eu-central-1",
      "type": "string"
    }
  },
  "resources": [
    {
      "mode": "data",
      "type": "aws_caller_identity",
      "name": "current",
      "provider": "provider[\"registry.terraform.io/hashicorp/aws\"]",
      "instances": [
        {
          "schema_version": 0,
          "attributes": {
            "account_id": "470595385491",
            "arn": "arn:aws:iam::470595385491:user/spring-boot",
            "id": "470595385491",
            "user_id": "AIDAW3ENLXCJTWYFZKD2U"
          }
        }
      ]
    },
    {
      "mode": "data",
      "type": "aws_region",
      "name": "current",
      "provider": "provider[\"registry.terraform.io/hashicorp/aws\"]",
      "instances": [
        {
          "schema_version": 0,
          "attributes": {
            "description": "Europe (Frankfurt)",
            "endpoint": "ec2.eu-central-1.amazonaws.com",
            "id": "eu-central-1",
            "name": "eu-central-1"
          }
        }
      ]
    },
    {
      "mode": "managed",
      "type": "aws_dynamodb_table",
      "name": "state_lock_table",
      "provider": "provider[\"registry.terraform.io/hashicorp/aws\"]",
      "instances": [
        {
          "schema_version": 1,
          "attributes": {
            "arn": "arn:aws:dynamodb:eu-central-1:470595385491:table/spring-boot-react-example-state-table-eu-central-1",
            "attribute": [
              {
                "name": "LockID",
                "type": "S"
              }
            ],
            "billing_mode": "PAY_PER_REQUEST",
            "global_secondary_index": [],
            "hash_key": "LockID",
            "id": "spring-boot-react-example-state-table-eu-central-1",
            "local_secondary_index": [],
            "name": "spring-boot-react-example-state-table-eu-central-1",
            "point_in_time_recovery": [
              {
                "enabled": false
              }
            ],
            "range_key": null,
            "read_capacity": 0,
            "replica": [],
            "server_side_encryption": [],
            "stream_arn": "",
            "stream_enabled": false,
            "stream_label": "",
            "stream_view_type": "",
            "tags": {
              "BUSINESS_UNIT": "Recruitement",
              "CREATED_BY": "Indrajeet Harale",
              "PROJECT": "spring-boot-react-example"
            },
            "tags_all": {
              "BUSINESS_UNIT": "Recruitement",
              "CREATED_BY": "Indrajeet Harale",
              "PROJECT": "spring-boot-react-example"
            },
            "timeouts": null,
            "ttl": [
              {
                "attribute_name": "",
                "enabled": false,
                "kms_key_arn": ""
              }
            ],
            "write_capacity": 0
          },
          "private": "eyJlMmJmYjczMC1lY2FhLTExZTYtOGY4OC0zNDM2M2JjN2M0YzAiOnsiY3JlYXRlIjoxMjAwMDAwMDAwMDAwLCJkZWxldGUiOjYwMDAwMDAwMDAwMCwidXBkYXRlIjozNjAwMDAwMDAwMDAwfSwic2NoZW1hX3ZlcnNpb24iOiIxIn0=",
          "dependencies": [
            "data.aws_region.current"
          ]
        }
      ]
    },
    {
      "mode": "managed",
      "type": "aws_kms_alias",
      "name": "cicd_kms_key_alias",
      "provider": "provider[\"registry.terraform.io/hashicorp/aws\"]",
      "instances": [
        {
          "schema_version": 0,
          "attributes": {
            "arn": "arn:aws:kms:eu-central-1:470595385491:alias/spring-boot-react-example-backend-state-kms-key",
            "id": "alias/spring-boot-react-example-backend-state-kms-key",
            "name": "alias/spring-boot-react-example-backend-state-kms-key",
            "name_prefix": null,
            "target_key_arn": "arn:aws:kms:eu-central-1:470595385491:key/31c14e3d-f553-421c-8f45-4b613f72e607",
            "target_key_id": "31c14e3d-f553-421c-8f45-4b613f72e607"
          },
          "private": "bnVsbA==",
          "dependencies": [
            "aws_kms_key.backend_state_kms_key"
          ]
        }
      ]
    },
    {
      "mode": "managed",
      "type": "aws_kms_key",
      "name": "backend_state_kms_key",
      "provider": "provider[\"registry.terraform.io/hashicorp/aws\"]",
      "instances": [
        {
          "schema_version": 0,
          "attributes": {
            "arn": "arn:aws:kms:eu-central-1:470595385491:key/31c14e3d-f553-421c-8f45-4b613f72e607",
            "customer_master_key_spec": "SYMMETRIC_DEFAULT",
            "deletion_window_in_days": null,
            "description": "KMS Key to encrypt terraform backend state bucket for spring-boot-react-example.",
            "enable_key_rotation": true,
            "id": "31c14e3d-f553-421c-8f45-4b613f72e607",
            "is_enabled": true,
            "key_id": "31c14e3d-f553-421c-8f45-4b613f72e607",
            "key_usage": "ENCRYPT_DECRYPT",
            "policy": "{\"Id\":\"key-default-1\",\"Statement\":[{\"Action\":\"kms:*\",\"Effect\":\"Allow\",\"Principal\":{\"AWS\":\"arn:aws:iam::470595385491:root\"},\"Resource\":\"*\",\"Sid\":\"Enable IAM User Permissions\"}],\"Version\":\"2012-10-17\"}",
            "tags": {
              "BUSINESS_UNIT": "Recruitement",
              "CREATED_BY": "Indrajeet Harale",
              "PROJECT": "spring-boot-react-example"
            },
            "tags_all": {
              "BUSINESS_UNIT": "Recruitement",
              "CREATED_BY": "Indrajeet Harale",
              "PROJECT": "spring-boot-react-example"
            }
          },
          "private": "bnVsbA=="
        }
      ]
    },
    {
      "module": "module.state_bucket",
      "mode": "managed",
      "type": "aws_s3_bucket",
      "name": "s3Bucket",
      "provider": "provider[\"registry.terraform.io/hashicorp/aws\"]",
      "instances": [
        {
          "schema_version": 0,
          "attributes": {
            "acceleration_status": "",
            "acl": "private",
            "arn": "arn:aws:s3:::spring-boot-react-example-state-bucket-eu-central-1",
            "bucket": "spring-boot-react-example-state-bucket-eu-central-1",
            "bucket_domain_name": "spring-boot-react-example-state-bucket-eu-central-1.s3.amazonaws.com",
            "bucket_prefix": null,
            "bucket_regional_domain_name": "spring-boot-react-example-state-bucket-eu-central-1.s3.eu-central-1.amazonaws.com",
            "cors_rule": [],
            "force_destroy": true,
            "grant": [],
            "hosted_zone_id": "Z21DNDUVLTQW6Q",
            "id": "spring-boot-react-example-state-bucket-eu-central-1",
            "lifecycle_rule": [
              {
                "abort_incomplete_multipart_upload_days": 0,
                "enabled": false,
                "expiration": [
                  {
                    "date": "",
                    "days": 0,
                    "expired_object_delete_marker": false
                  }
                ],
                "id": "tf-s3-lifecycle-20210723224417083300000001",
                "noncurrent_version_expiration": [],
                "noncurrent_version_transition": [],
                "prefix": "",
                "tags": null,
                "transition": []
              }
            ],
            "logging": [],
            "object_lock_configuration": [],
            "policy": null,
            "region": "eu-central-1",
            "replication_configuration": [],
            "request_payer": "BucketOwner",
            "server_side_encryption_configuration": [
              {
                "rule": [
                  {
                    "apply_server_side_encryption_by_default": [
                      {
                        "kms_master_key_id": "arn:aws:kms:eu-central-1:470595385491:key/31c14e3d-f553-421c-8f45-4b613f72e607",
                        "sse_algorithm": "aws:kms"
                      }
                    ],
                    "bucket_key_enabled": false
                  }
                ]
              }
            ],
            "tags": {
              "BUSINESS_UNIT": "Recruitement",
              "CREATED_BY": "Indrajeet Harale",
              "PROJECT": "spring-boot-react-example"
            },
            "tags_all": {
              "BUSINESS_UNIT": "Recruitement",
              "CREATED_BY": "Indrajeet Harale",
              "PROJECT": "spring-boot-react-example"
            },
            "versioning": [
              {
                "enabled": true,
                "mfa_delete": false
              }
            ],
            "website": [],
            "website_domain": null,
            "website_endpoint": null
          },
          "private": "bnVsbA==",
          "dependencies": [
            "aws_kms_key.backend_state_kms_key",
            "data.aws_region.current"
          ]
        }
      ]
    },
    {
      "module": "module.state_bucket",
      "mode": "managed",
      "type": "aws_s3_bucket_public_access_block",
      "name": "s3Bucket",
      "provider": "provider[\"registry.terraform.io/hashicorp/aws\"]",
      "instances": [
        {
          "schema_version": 0,
          "attributes": {
            "block_public_acls": true,
            "block_public_policy": true,
            "bucket": "spring-boot-react-example-state-bucket-eu-central-1",
            "id": "spring-boot-react-example-state-bucket-eu-central-1",
            "ignore_public_acls": true,
            "restrict_public_buckets": true
          },
          "private": "bnVsbA==",
          "dependencies": [
            "aws_kms_key.backend_state_kms_key",
            "data.aws_region.current",
            "module.state_bucket.aws_s3_bucket.s3Bucket"
          ]
        }
      ]
    }
  ]
}
